
Microsoft Visual Studio Solution File, Format Version 12.00
# Visual Studio Version 16
VisualStudioVersion = 16.0.32407.337
MinimumVisualStudioVersion = 10.0.40219.1
Project("{8BC9CEB8-8B4A-11D0-8D11-00A0C91BC942}") = "CppPracticeProject", "CppPracticeProject\CppPracticeProject.vcxproj", "{76AC5C82-9082-48A6-9A35-E7A094D6F98A}"
EndProject
Global
	GlobalSection(SolutionConfigurationPlatforms) = preSolution
		Debug|x64 = Debug|x64
		Debug|x86 = Debug|x86
		Release|x64 = Release|x64
		Release|x86 = Release|x86
	EndGlobalSection
	GlobalSection(ProjectConfigurationPlatforms) = postSolution
		{76AC5C82-9082-48A6-9A35-E7A094D6F98A}.Debug|x64.ActiveCfg = Debug|x64
		{76AC5C82-9082-48A6-9A35-E7A094D6F98A}.Debug|x64.Build.0 = Debug|x64
		{76AC5C82-9082-48A6-9A35-E7A094D6F98A}.Debug|x86.ActiveCfg = Debug|Win32
		{76AC5C82-9082-48A6-9A35-E7A094D6F98A}.Debug|x86.Build.0 = Debug|Win32
		{76AC5C82-9082-48A6-9A35-E7A094D6F98A}.Release|x64.ActiveCfg = Release|x64
		{76AC5C82-9082-48A6-9A35-E7A094D6F98A}.Release|x64.Build.0 = Release|x64
		{76AC5C82-9082-48A6-9A35-E7A094D6F98A}.Release|x86.ActiveCfg = Release|Win32
		{76AC5C82-9082-48A6-9A35-E7A094D6F98A}.Release|x86.Build.0 = Release|Win32
	EndGlobalSection
	GlobalSection(SolutionProperties) = preSolution
		HideSolutionNode = FALSE
	EndGlobalSection
	GlobalSection(ExtensibilityGlobals) = postSolution
		SolutionGuid = {58F7F017-D635-4BED-9E91-D23CC8F4C023}
	EndGlobalSection
EndGlobal
